// !$*UTF8*$!
{
	archiveVersion = 1;
	classes = {
	};
	objectVersion = 50;
	objects = {

/* Begin PBXBuildFile section */
		C236CBB522DFF590001265DA /* AppDelegate.swift in Sources */ = {isa = PBXBuildFile; fileRef = C236CBB422DFF590001265DA /* AppDelegate.swift */; };
		C236CBB722DFF590001265DA /* ViewController.swift in Sources */ = {isa = PBXBuildFile; fileRef = C236CBB622DFF590001265DA /* ViewController.swift */; };
		C236CBBC22DFF591001265DA /* Assets.xcassets in Resources */ = {isa = PBXBuildFile; fileRef = C236CBBB22DFF591001265DA /* Assets.xcassets */; };
		C236CBBF22DFF591001265DA /* LaunchScreen.storyboard in Resources */ = {isa = PBXBuildFile; fileRef = C236CBBD22DFF591001265DA /* LaunchScreen.storyboard */; };
		C236CBCB22DFF96A001265DA /* UIView+Utilities.swift in Sources */ = {isa = PBXBuildFile; fileRef = C236CBCA22DFF969001265DA /* UIView+Utilities.swift */; };
		C236CBCD22DFFD3C001265DA /* NSLayoutConstraint+Convenience.swift in Sources */ = {isa = PBXBuildFile; fileRef = C236CBCC22DFFD3C001265DA /* NSLayoutConstraint+Convenience.swift */; };
		C236CBD022E00A0A001265DA /* LaunchTableViewCell.swift in Sources */ = {isa = PBXBuildFile; fileRef = C236CBCF22E00A0A001265DA /* LaunchTableViewCell.swift */; };
		C236CBD222E0151A001265DA /* Mission.swift in Sources */ = {isa = PBXBuildFile; fileRef = C236CBD122E0151A001265DA /* Mission.swift */; };
/* End PBXBuildFile section */

/* Begin PBXFileReference section */
		C236CBB122DFF590001265DA /* DemoMavFarm.app */ = {isa = PBXFileReference; explicitFileType = wrapper.application; includeInIndex = 0; path = DemoMavFarm.app; sourceTree = BUILT_PRODUCTS_DIR; };
		C236CBB422DFF590001265DA /* AppDelegate.swift */ = {isa = PBXFileReference; lastKnownFileType = sourcecode.swift; path = AppDelegate.swift; sourceTree = "<group>"; };
		C236CBB622DFF590001265DA /* ViewController.swift */ = {isa = PBXFileReference; lastKnownFileType = sourcecode.swift; path = ViewController.swift; sourceTree = "<group>"; };
		C236CBBB22DFF591001265DA /* Assets.xcassets */ = {isa = PBXFileReference; lastKnownFileType = folder.assetcatalog; path = Assets.xcassets; sourceTree = "<group>"; };
		C236CBBE22DFF591001265DA /* Base */ = {isa = PBXFileReference; lastKnownFileType = file.storyboard; name = Base; path = Base.lproj/LaunchScreen.storyboard; sourceTree = "<group>"; };
		C236CBC022DFF591001265DA /* Info.plist */ = {isa = PBXFileReference; lastKnownFileType = text.plist.xml; path = Info.plist; sourceTree = "<group>"; };
		C236CBCA22DFF969001265DA /* UIView+Utilities.swift */ = {isa = PBXFileReference; lastKnownFileType = sourcecode.swift; path = "UIView+Utilities.swift"; sourceTree = "<group>"; };
		C236CBCC22DFFD3C001265DA /* NSLayoutConstraint+Convenience.swift */ = {isa = PBXFileReference; lastKnownFileType = sourcecode.swift; path = "NSLayoutConstraint+Convenience.swift"; sourceTree = "<group>"; };
		C236CBCF22E00A0A001265DA /* LaunchTableViewCell.swift */ = {isa = PBXFileReference; lastKnownFileType = sourcecode.swift; path = LaunchTableViewCell.swift; sourceTree = "<group>"; };
		C236CBD122E0151A001265DA /* Mission.swift */ = {isa = PBXFileReference; lastKnownFileType = sourcecode.swift; path = Mission.swift; sourceTree = "<group>"; };
/* End PBXFileReference section */

/* Begin PBXFrameworksBuildPhase section */
		C236CBAE22DFF590001265DA /* Frameworks */ = {
			isa = PBXFrameworksBuildPhase;
			buildActionMask = 2147483647;
			files = (
			);
			runOnlyForDeploymentPostprocessing = 0;
		};
/* End PBXFrameworksBuildPhase section */

/* Begin PBXGroup section */
		C236CBA822DFF590001265DA = {
			isa = PBXGroup;
			children = (
				C236CBB322DFF590001265DA /* DemoMavFarm */,
				C236CBB222DFF590001265DA /* Products */,
			);
			sourceTree = "<group>";
		};
		C236CBB222DFF590001265DA /* Products */ = {
			isa = PBXGroup;
			children = (
				C236CBB122DFF590001265DA /* DemoMavFarm.app */,
			);
			name = Products;
			sourceTree = "<group>";
		};
		C236CBB322DFF590001265DA /* DemoMavFarm */ = {
			isa = PBXGroup;
			children = (
				C236CBC922DFF951001265DA /* Utilities */,
				C236CBB422DFF590001265DA /* AppDelegate.swift */,
				C236CBC822DFF638001265DA /* Model */,
				C236CBCE22E009AB001265DA /* View */,
				C236CBC722DFF631001265DA /* View Controllers */,
				C236CBC622DFF620001265DA /* Coordinators */,
				C236CBBB22DFF591001265DA /* Assets.xcassets */,
				C236CBBD22DFF591001265DA /* LaunchScreen.storyboard */,
				C236CBC022DFF591001265DA /* Info.plist */,
			);
			path = DemoMavFarm;
			sourceTree = "<group>";
		};
		C236CBC622DFF620001265DA /* Coordinators */ = {
			isa = PBXGroup;
			children = (
			);
			path = Coordinators;
			sourceTree = "<group>";
		};
		C236CBC722DFF631001265DA /* View Controllers */ = {
			isa = PBXGroup;
			children = (
				C236CBB622DFF590001265DA /* ViewController.swift */,
			);
			path = "View Controllers";
			sourceTree = "<group>";
		};
		C236CBC822DFF638001265DA /* Model */ = {
			isa = PBXGroup;
			children = (
				C236CBD122E0151A001265DA /* Mission.swift */,
			);
			path = Model;
			sourceTree = "<group>";
		};
		C236CBC922DFF951001265DA /* Utilities */ = {
			isa = PBXGroup;
			children = (
				C236CBCA22DFF969001265DA /* UIView+Utilities.swift */,
				C236CBCC22DFFD3C001265DA /* NSLayoutConstraint+Convenience.swift */,
			);
			path = Utilities;
			sourceTree = "<group>";
		};
		C236CBCE22E009AB001265DA /* View */ = {
			isa = PBXGroup;
			children = (
				C236CBCF22E00A0A001265DA /* LaunchTableViewCell.swift */,
			);
			path = View;
			sourceTree = "<group>";
		};
/* End PBXGroup section */

/* Begin PBXNativeTarget section */
		C236CBB022DFF590001265DA /* DemoMavFarm */ = {
			isa = PBXNativeTarget;
			buildConfigurationList = C236CBC322DFF591001265DA /* Build configuration list for PBXNativeTarget "DemoMavFarm" */;
			buildPhases = (
				C236CBAD22DFF590001265DA /* Sources */,
				C236CBAE22DFF590001265DA /* Frameworks */,
				C236CBAF22DFF590001265DA /* Resources */,
			);
			buildRules = (
			);
			dependencies = (
			);
			name = DemoMavFarm;
			productName = DemoMavFarm;
			productReference = C236CBB122DFF590001265DA /* DemoMavFarm.app */;
			productType = "com.apple.product-type.application";
		};
/* End PBXNativeTarget section */

/* Begin PBXProject section */
		C236CBA922DFF590001265DA /* Project object */ = {
			isa = PBXProject;
			attributes = {
				LastSwiftUpdateCheck = 1020;
				LastUpgradeCheck = 1020;
				ORGANIZATIONNAME = "Bryan Gula";
				TargetAttributes = {
					C236CBB022DFF590001265DA = {
						CreatedOnToolsVersion = 10.2.1;
					};
				};
			};
			buildConfigurationList = C236CBAC22DFF590001265DA /* Build configuration list for PBXProject "DemoMavFarm" */;
			compatibilityVersion = "Xcode 9.3";
			developmentRegion = en;
			hasScannedForEncodings = 0;
			knownRegions = (
				en,
				Base,
			);
			mainGroup = C236CBA822DFF590001265DA;
			productRefGroup = C236CBB222DFF590001265DA /* Products */;
			projectDirPath = "";
			projectRoot = "";
			targets = (
				C236CBB022DFF590001265DA /* DemoMavFarm */,
			);
		};
/* End PBXProject section */

/* Begin PBXResourcesBuildPhase section */
		C236CBAF22DFF590001265DA /* Resources */ = {
			isa = PBXResourcesBuildPhase;
			buildActionMask = 2147483647;
			files = (
				C236CBBF22DFF591001265DA /* LaunchScreen.storyboard in Resources */,
				C236CBBC22DFF591001265DA /* Assets.xcassets in Resources */,
			);
			runOnlyForDeploymentPostprocessing = 0;
		};
/* End PBXResourcesBuildPhase section */

/* Begin PBXSourcesBuildPhase section */
		C236CBAD22DFF590001265DA /* Sources */ = {
			isa = PBXSourcesBuildPhase;
			buildActionMask = 2147483647;
			files = (
				C236CBD222E0151A001265DA /* Mission.swift in Sources */,
				C236CBB722DFF590001265DA /* ViewController.swift in Sources */,
				C236CBD022E00A0A001265DA /* LaunchTableViewCell.swift in Sources */,
				C236CBB522DFF590001265DA /* AppDelegate.swift in Sources */,
				C236CBCB22DFF96A001265DA /* UIView+Utilities.swift in Sources */,
				C236CBCD22DFFD3C001265DA /* NSLayoutConstraint+Convenience.swift in Sources */,
			);
			runOnlyForDeploymentPostprocessing = 0;
		};
/* End PBXSourcesBuildPhase section */

/* Begin PBXVariantGroup section */
		C236CBBD22DFF591001265DA /* LaunchScreen.storyboard */ = {
			isa = PBXVariantGroup;
			children = (
				C236CBBE22DFF591001265DA /* Base */,
			);
			name = LaunchScreen.storyboard;
			sourceTree = "<group>";
		};
/* End PBXVariantGroup section */

/* Begin XCBuildConfiguration section */
		C236CBC122DFF591001265DA /* Debug */ = {
			isa = XCBuildConfiguration;
			buildSettings = {
				ALWAYS_SEARCH_USER_PATHS = NO;
				CLANG_ANALYZER_NONNULL = YES;
				CLANG_ANALYZER_NUMBER_OBJECT_CONVERSION = YES_AGGRESSIVE;
				CLANG_CXX_LANGUAGE_STANDARD = "gnu++14";
				CLANG_CXX_LIBRARY = "libc++";
				CLANG_ENABLE_MODULES = YES;
				CLANG_ENABLE_OBJC_ARC = YES;
				CLANG_ENABLE_OBJC_WEAK = YES;
				CLANG_WARN_BLOCK_CAPTURE_AUTORELEASING = YES;
				CLANG_WARN_BOOL_CONVERSION = YES;
				CLANG_WARN_COMMA = YES;
				CLANG_WARN_CONSTANT_CONVERSION = YES;
				CLANG_WARN_DEPRECATED_OBJC_IMPLEMENTATIONS = YES;
				CLANG_WARN_DIRECT_OBJC_ISA_USAGE = YES_ERROR;
				CLANG_WARN_DOCUMENTATION_COMMENTS = YES;
				CLANG_WARN_EMPTY_BODY = YES;
				CLANG_WARN_ENUM_CONVERSION = YES;
				CLANG_WARN_INFINITE_RECURSION = YES;
				CLANG_WARN_INT_CONVERSION = YES;
				CLANG_WARN_NON_LITERAL_NULL_CONVERSION = YES;
				CLANG_WARN_OBJC_IMPLICIT_RETAIN_SELF = YES;
				CLANG_WARN_OBJC_LITERAL_CONVERSION = YES;
				CLANG_WARN_OBJC_ROOT_CLASS = YES_ERROR;
				CLANG_WARN_RANGE_LOOP_ANALYSIS = YES;
				CLANG_WARN_STRICT_PROTOTYPES = YES;
				CLANG_WARN_SUSPICIOUS_MOVE = YES;
				CLANG_WARN_UNGUARDED_AVAILABILITY = YES_AGGRESSIVE;
				CLANG_WARN_UNREACHABLE_CODE = YES;
				CLANG_WARN__DUPLICATE_METHOD_MATCH = YES;
				CODE_SIGN_IDENTITY = "iPhone Developer";
				COPY_PHASE_STRIP = NO;
				DEBUG_INFORMATION_FORMAT = dwarf;
				ENABLE_STRICT_OBJC_MSGSEND = YES;
				ENABLE_TESTABILITY = YES;
				GCC_C_LANGUAGE_STANDARD = gnu11;
				GCC_DYNAMIC_NO_PIC = NO;
				GCC_NO_COMMON_BLOCKS = YES;
				GCC_OPTIMIZATION_LEVEL = 0;
				GCC_PREPROCESSOR_DEFINITIONS = (
					"DEBUG=1",
					"$(inherited)",
				);
				GCC_WARN_64_TO_32_BIT_CONVERSION = YES;
				GCC_WARN_ABOUT_RETURN_TYPE = YES_ERROR;
				GCC_WARN_UNDECLARED_SELECTOR = YES;
				GCC_WARN_UNINITIALIZED_AUTOS = YES_AGGRESSIVE;
				GCC_WARN_UNUSED_FUNCTION = YES;
				GCC_WARN_UNUSED_VARIABLE = YES;
				IPHONEOS_DEPLOYMENT_TARGET = 12.2;
				MTL_ENABLE_DEBUG_INFO = INCLUDE_SOURCE;
				MTL_FAST_MATH = YES;
				ONLY_ACTIVE_ARCH = YES;
				SDKROOT = iphoneos;
				SWIFT_ACTIVE_COMPILATION_CONDITIONS = DEBUG;
				SWIFT_OPTIMIZATION_LEVEL = "-Onone";
			};
			name = Debug;
		};
		C236CBC222DFF591001265DA /* Release */ = {
			isa = XCBuildConfiguration;
			buildSettings = {
				ALWAYS_SEARCH_USER_PATHS = NO;
				CLANG_ANALYZER_NONNULL = YES;
				CLANG_ANALYZER_NUMBER_OBJECT_CONVERSION = YES_AGGRESSIVE;
				CLANG_CXX_LANGUAGE_STANDARD = "gnu++14";
				CLANG_CXX_LIBRARY = "libc++";
				CLANG_ENABLE_MODULES = YES;
				CLANG_ENABLE_OBJC_ARC = YES;
				CLANG_ENABLE_OBJC_WEAK = YES;
				CLANG_WARN_BLOCK_CAPTURE_AUTORELEASING = YES;
				CLANG_WARN_BOOL_CONVERSION = YES;
				CLANG_WARN_COMMA = YES;
				CLANG_WARN_CONSTANT_CONVERSION = YES;
				CLANG_WARN_DEPRECATED_OBJC_IMPLEMENTATIONS = YES;
				CLANG_WARN_DIRECT_OBJC_ISA_USAGE = YES_ERROR;
				CLANG_WARN_DOCUMENTATION_COMMENTS = YES;
				CLANG_WARN_EMPTY_BODY = YES;
				CLANG_WARN_ENUM_CONVERSION = YES;
				CLANG_WARN_INFINITE_RECURSION = YES;
				CLANG_WARN_INT_CONVERSION = YES;
				CLANG_WARN_NON_LITERAL_NULL_CONVERSION = YES;
				CLANG_WARN_OBJC_IMPLICIT_RETAIN_SELF = YES;
				CLANG_WARN_OBJC_LITERAL_CONVERSION = YES;
				CLANG_WARN_OBJC_ROOT_CLASS = YES_ERROR;
				CLANG_WARN_RANGE_LOOP_ANALYSIS = YES;
				CLANG_WARN_STRICT_PROTOTYPES = YES;
				CLANG_WARN_SUSPICIOUS_MOVE = YES;
				CLANG_WARN_UNGUARDED_AVAILABILITY = YES_AGGRESSIVE;
				CLANG_WARN_UNREACHABLE_CODE = YES;
				CLANG_WARN__DUPLICATE_METHOD_MATCH = YES;
				CODE_SIGN_IDENTITY = "iPhone Developer";
				COPY_PHASE_STRIP = NO;
				DEBUG_INFORMATION_FORMAT = "dwarf-with-dsym";
				ENABLE_NS_ASSERTIONS = NO;
				ENABLE_STRICT_OBJC_MSGSEND = YES;
				GCC_C_LANGUAGE_STANDARD = gnu11;
				GCC_NO_COMMON_BLOCKS = YES;
				GCC_WARN_64_TO_32_BIT_CONVERSION = YES;
				GCC_WARN_ABOUT_RETURN_TYPE = YES_ERROR;
				GCC_WARN_UNDECLARED_SELECTOR = YES;
				GCC_WARN_UNINITIALIZED_AUTOS = YES_AGGRESSIVE;
				GCC_WARN_UNUSED_FUNCTION = YES;
				GCC_WARN_UNUSED_VARIABLE = YES;
				IPHONEOS_DEPLOYMENT_TARGET = 12.2;
				MTL_ENABLE_DEBUG_INFO = NO;
				MTL_FAST_MATH = YES;
				SDKROOT = iphoneos;
				SWIFT_COMPILATION_MODE = wholemodule;
				SWIFT_OPTIMIZATION_LEVEL = "-O";
				VALIDATE_PRODUCT = YES;
			};
			name = Release;
		};
		C236CBC422DFF591001265DA /* Debug */ = {
			isa = XCBuildConfiguration;
			buildSettings = {
				ASSETCATALOG_COMPILER_APPICON_NAME = AppIcon;
				CODE_SIGN_STYLE = Automatic;
				INFOPLIST_FILE = DemoMavFarm/Info.plist;
				LD_RUNPATH_SEARCH_PATHS = (
					"$(inherited)",
					"@executable_path/Frameworks",
				);
				PRODUCT_BUNDLE_IDENTIFIER = com.mavfarm.DemoMavFarm;
				PRODUCT_NAME = "$(TARGET_NAME)";
				SWIFT_VERSION = 5.0;
				TARGETED_DEVICE_FAMILY = "1,2";
			};
			name = Debug;
		};
		C236CBC522DFF591001265DA /* Release */ = {
			isa = XCBuildConfiguration;
			buildSettings = {
				ASSETCATALOG_COMPILER_APPICON_NAME = AppIcon;
				CODE_SIGN_STYLE = Automatic;
				INFOPLIST_FILE = DemoMavFarm/Info.plist;
				LD_RUNPATH_SEARCH_PATHS = (
					"$(inherited)",
					"@executable_path/Frameworks",
				);
				PRODUCT_BUNDLE_IDENTIFIER = com.mavfarm.DemoMavFarm;
				PRODUCT_NAME = "$(TARGET_NAME)";
				SWIFT_VERSION = 5.0;
				TARGETED_DEVICE_FAMILY = "1,2";
			};
			name = Release;
		};
/* End XCBuildConfiguration section */

/* Begin XCConfigurationList section */
		C236CBAC22DFF590001265DA /* Build configuration list for PBXProject "DemoMavFarm" */ = {
			isa = XCConfigurationList;
			buildConfigurations = (
				C236CBC122DFF591001265DA /* Debug */,
				C236CBC222DFF591001265DA /* Release */,
			);
			defaultConfigurationIsVisible = 0;
			defaultConfigurationName = Release;
		};
		C236CBC322DFF591001265DA /* Build configuration list for PBXNativeTarget "DemoMavFarm" */ = {
			isa = XCConfigurationList;
			buildConfigurations = (
				C236CBC422DFF591001265DA /* Debug */,
				C236CBC522DFF591001265DA /* Release */,
			);
			defaultConfigurationIsVisible = 0;
			defaultConfigurationName = Release;
		};
/* End XCConfigurationList section */
	};
	rootObject = C236CBA922DFF590001265DA /* Project object */;
}
